
Microsoft Visual Studio Solution File, Format Version 12.00
# Visual Studio 15
Project("{FAE04EC0-301F-11D3-BF4B-00C04F79EFBC}") = "Assembly-CSharp", "Assembly-CSharp.csproj", "{1891DA78-B2F6-D80B-B7BE-B40FFCAF85AE}"
EndProject
Project("{FAE04EC0-301F-11D3-BF4B-00C04F79EFBC}") = "Assembly-CSharp-Editor", "Assembly-CSharp-Editor.csproj", "{02582929-1C69-D983-6448-3F490195D210}"
EndProject
Global
	GlobalSection(SolutionConfigurationPlatforms) = preSolution
		Debug|Any CPU = Debug|Any CPU
		Release|Any CPU = Release|Any CPU
	EndGlobalSection
	GlobalSection(ProjectConfigurationPlatforms) = postSolution
		{1891DA78-B2F6-D80B-B7BE-B40FFCAF85AE}.Debug|Any CPU.ActiveCfg = Debug|Any CPU
		{1891DA78-B2F6-D80B-B7BE-B40FFCAF85AE}.Debug|Any CPU.Build.0 = Debug|Any CPU
		{1891DA78-B2F6-D80B-B7BE-B40FFCAF85AE}.Release|Any CPU.ActiveCfg = Release|Any CPU
		{1891DA78-B2F6-D80B-B7BE-B40FFCAF85AE}.Release|Any CPU.Build.0 = Release|Any CPU
		{02582929-1C69-D983-6448-3F490195D210}.Debug|Any CPU.ActiveCfg = Debug|Any CPU
		{02582929-1C69-D983-6448-3F490195D210}.Debug|Any CPU.Build.0 = Debug|Any CPU
		{02582929-1C69-D983-6448-3F490195D210}.Release|Any CPU.ActiveCfg = Release|Any CPU
		{02582929-1C69-D983-6448-3F490195D210}.Release|Any CPU.Build.0 = Release|Any CPU
	EndGlobalSection
	GlobalSection(SolutionProperties) = preSolution
		HideSolutionNode = FALSE
	EndGlobalSection
EndGlobal
